// !$*UTF8*$!
{
	archiveVersion = 1;
	classes = {
	};
	objectVersion = 48;
	objects = {

/* Begin PBXBuildFile section */
		CD4CFF20204E7E2B00DB13EC /* AppDelegate.swift in Sources */ = {isa = PBXBuildFile; fileRef = CD4CFF1F204E7E2B00DB13EC /* AppDelegate.swift */; };
		CD4CFF22204E7E2B00DB13EC /* ViewController.swift in Sources */ = {isa = PBXBuildFile; fileRef = CD4CFF21204E7E2B00DB13EC /* ViewController.swift */; };
		CD4CFF25204E7E2B00DB13EC /* Main.storyboard in Resources */ = {isa = PBXBuildFile; fileRef = CD4CFF23204E7E2B00DB13EC /* Main.storyboard */; };
		CD4CFF27204E7E2B00DB13EC /* Assets.xcassets in Resources */ = {isa = PBXBuildFile; fileRef = CD4CFF26204E7E2B00DB13EC /* Assets.xcassets */; };
		CD4CFF2A204E7E2B00DB13EC /* LaunchScreen.storyboard in Resources */ = {isa = PBXBuildFile; fileRef = CD4CFF28204E7E2B00DB13EC /* LaunchScreen.storyboard */; };
		CD4CFF32204F485400DB13EC /* ChildViewController.swift in Sources */ = {isa = PBXBuildFile; fileRef = CD4CFF31204F485400DB13EC /* ChildViewController.swift */; };
/* End PBXBuildFile section */

/* Begin PBXFileReference section */
		CD4CFF1C204E7E2B00DB13EC /* ChildWithoutSegue.app */ = {isa = PBXFileReference; explicitFileType = wrapper.application; includeInIndex = 0; path = ChildWithoutSegue.app; sourceTree = BUILT_PRODUCTS_DIR; };
		CD4CFF1F204E7E2B00DB13EC /* AppDelegate.swift */ = {isa = PBXFileReference; lastKnownFileType = sourcecode.swift; path = AppDelegate.swift; sourceTree = "<group>"; };
		CD4CFF21204E7E2B00DB13EC /* ViewController.swift */ = {isa = PBXFileReference; lastKnownFileType = sourcecode.swift; path = ViewController.swift; sourceTree = "<group>"; };
		CD4CFF24204E7E2B00DB13EC /* Base */ = {isa = PBXFileReference; lastKnownFileType = file.storyboard; name = Base; path = Base.lproj/Main.storyboard; sourceTree = "<group>"; };
		CD4CFF26204E7E2B00DB13EC /* Assets.xcassets */ = {isa = PBXFileReference; lastKnownFileType = folder.assetcatalog; path = Assets.xcassets; sourceTree = "<group>"; };
		CD4CFF29204E7E2B00DB13EC /* Base */ = {isa = PBXFileReference; lastKnownFileType = file.storyboard; name = Base; path = Base.lproj/LaunchScreen.storyboard; sourceTree = "<group>"; };
		CD4CFF2B204E7E2B00DB13EC /* Info.plist */ = {isa = PBXFileReference; lastKnownFileType = text.plist.xml; path = Info.plist; sourceTree = "<group>"; };
		CD4CFF31204F485400DB13EC /* ChildViewController.swift */ = {isa = PBXFileReference; lastKnownFileType = sourcecode.swift; path = ChildViewController.swift; sourceTree = "<group>"; };
/* End PBXFileReference section */

/* Begin PBXFrameworksBuildPhase section */
		CD4CFF19204E7E2B00DB13EC /* Frameworks */ = {
			isa = PBXFrameworksBuildPhase;
			buildActionMask = 2147483647;
			files = (
			);
			runOnlyForDeploymentPostprocessing = 0;
		};
/* End PBXFrameworksBuildPhase section */

/* Begin PBXGroup section */
		CD4CFF13204E7E2B00DB13EC = {
			isa = PBXGroup;
			children = (
				CD4CFF1E204E7E2B00DB13EC /* ChildWithoutSegue */,
				CD4CFF1D204E7E2B00DB13EC /* Products */,
			);
			sourceTree = "<group>";
		};
		CD4CFF1D204E7E2B00DB13EC /* Products */ = {
			isa = PBXGroup;
			children = (
				CD4CFF1C204E7E2B00DB13EC /* ChildWithoutSegue.app */,
			);
			name = Products;
			sourceTree = "<group>";
		};
		CD4CFF1E204E7E2B00DB13EC /* ChildWithoutSegue */ = {
			isa = PBXGroup;
			children = (
				CD4CFF1F204E7E2B00DB13EC /* AppDelegate.swift */,
				CD4CFF21204E7E2B00DB13EC /* ViewController.swift */,
				CD4CFF31204F485400DB13EC /* ChildViewController.swift */,
				CD4CFF23204E7E2B00DB13EC /* Main.storyboard */,
				CD4CFF26204E7E2B00DB13EC /* Assets.xcassets */,
				CD4CFF28204E7E2B00DB13EC /* LaunchScreen.storyboard */,
				CD4CFF2B204E7E2B00DB13EC /* Info.plist */,
			);
			path = ChildWithoutSegue;
			sourceTree = "<group>";
		};
/* End PBXGroup section */

/* Begin PBXNativeTarget section */
		CD4CFF1B204E7E2B00DB13EC /* ChildWithoutSegue */ = {
			isa = PBXNativeTarget;
			buildConfigurationList = CD4CFF2E204E7E2B00DB13EC /* Build configuration list for PBXNativeTarget "ChildWithoutSegue" */;
			buildPhases = (
				CD4CFF18204E7E2B00DB13EC /* Sources */,
				CD4CFF19204E7E2B00DB13EC /* Frameworks */,
				CD4CFF1A204E7E2B00DB13EC /* Resources */,
			);
			buildRules = (
			);
			dependencies = (
			);
			name = ChildWithoutSegue;
			productName = ChildWithoutSegue;
			productReference = CD4CFF1C204E7E2B00DB13EC /* ChildWithoutSegue.app */;
			productType = "com.apple.product-type.application";
		};
/* End PBXNativeTarget section */

/* Begin PBXProject section */
		CD4CFF14204E7E2B00DB13EC /* Project object */ = {
			isa = PBXProject;
			attributes = {
				LastSwiftUpdateCheck = 0920;
				LastUpgradeCheck = 1130;
				ORGANIZATIONNAME = MyCompany;
				TargetAttributes = {
					CD4CFF1B204E7E2B00DB13EC = {
						CreatedOnToolsVersion = 9.2;
						LastSwiftMigration = 1130;
						ProvisioningStyle = Automatic;
					};
				};
			};
			buildConfigurationList = CD4CFF17204E7E2B00DB13EC /* Build configuration list for PBXProject "ChildWithoutSegue" */;
			compatibilityVersion = "Xcode 8.0";
			developmentRegion = en;
			hasScannedForEncodings = 0;
			knownRegions = (
				en,
				Base,
			);
			mainGroup = CD4CFF13204E7E2B00DB13EC;
			productRefGroup = CD4CFF1D204E7E2B00DB13EC /* Products */;
			projectDirPath = "";
			projectRoot = "";
			targets = (
				CD4CFF1B204E7E2B00DB13EC /* ChildWithoutSegue */,
			);
		};
/* End PBXProject section */

/* Begin PBXResourcesBuildPhase section */
		CD4CFF1A204E7E2B00DB13EC /* Resources */ = {
			isa = PBXResourcesBuildPhase;
			buildActionMask = 2147483647;
			files = (
				CD4CFF2A204E7E2B00DB13EC /* LaunchScreen.storyboard in Resources */,
				CD4CFF27204E7E2B00DB13EC /* Assets.xcassets in Resources */,
				CD4CFF25204E7E2B00DB13EC /* Main.storyboard in Resources */,
			);
			runOnlyForDeploymentPostprocessing = 0;
		};
/* End PBXResourcesBuildPhase section */

/* Begin PBXSourcesBuildPhase section */
		CD4CFF18204E7E2B00DB13EC /* Sources */ = {
			isa = PBXSourcesBuildPhase;
			buildActionMask = 2147483647;
			files = (
				CD4CFF22204E7E2B00DB13EC /* ViewController.swift in Sources */,
				CD4CFF20204E7E2B00DB13EC /* AppDelegate.swift in Sources */,
				CD4CFF32204F485400DB13EC /* ChildViewController.swift in Sources */,
			);
			runOnlyForDeploymentPostprocessing = 0;
		};
/* End PBXSourcesBuildPhase section */

/* Begin PBXVariantGroup section */
		CD4CFF23204E7E2B00DB13EC /* Main.storyboard */ = {
			isa = PBXVariantGroup;
			children = (
				CD4CFF24204E7E2B00DB13EC /* Base */,
			);
			name = Main.storyboard;
			sourceTree = "<group>";
		};
		CD4CFF28204E7E2B00DB13EC /* LaunchScreen.storyboard */ = {
			isa = PBXVariantGroup;
			children = (
				CD4CFF29204E7E2B00DB13EC /* Base */,
			);
			name = LaunchScreen.storyboard;
			sourceTree = "<group>";
		};
/* End PBXVariantGroup section */

/* Begin XCBuildConfiguration section */
		CD4CFF2C204E7E2B00DB13EC /* Debug */ = {
			isa = XCBuildConfiguration;
			buildSettings = {
				ALWAYS_SEARCH_USER_PATHS = NO;
				CLANG_ANALYZER_NONNULL = YES;
				CLANG_ANALYZER_NUMBER_OBJECT_CONVERSION = YES_AGGRESSIVE;
				CLANG_CXX_LANGUAGE_STANDARD = "gnu++14";
				CLANG_CXX_LIBRARY = "libc++";
				CLANG_ENABLE_MODULES = YES;
				CLANG_ENABLE_OBJC_ARC = YES;
				CLANG_WARN_BLOCK_CAPTURE_AUTORELEASING = YES;
				CLANG_WARN_BOOL_CONVERSION = YES;
				CLANG_WARN_COMMA = YES;
				CLANG_WARN_CONSTANT_CONVERSION = YES;
				CLANG_WARN_DEPRECATED_OBJC_IMPLEMENTATIONS = YES;
				CLANG_WARN_DIRECT_OBJC_ISA_USAGE = YES_ERROR;
				CLANG_WARN_DOCUMENTATION_COMMENTS = YES;
				CLANG_WARN_EMPTY_BODY = YES;
				CLANG_WARN_ENUM_CONVERSION = YES;
				CLANG_WARN_INFINITE_RECURSION = YES;
				CLANG_WARN_INT_CONVERSION = YES;
				CLANG_WARN_NON_LITERAL_NULL_CONVERSION = YES;
				CLANG_WARN_OBJC_IMPLICIT_RETAIN_SELF = YES;
				CLANG_WARN_OBJC_LITERAL_CONVERSION = YES;
				CLANG_WARN_OBJC_ROOT_CLASS = YES_ERROR;
				CLANG_WARN_RANGE_LOOP_ANALYSIS = YES;
				CLANG_WARN_STRICT_PROTOTYPES = YES;
				CLANG_WARN_SUSPICIOUS_MOVE = YES;
				CLANG_WARN_UNGUARDED_AVAILABILITY = YES_AGGRESSIVE;
				CLANG_WARN_UNREACHABLE_CODE = YES;
				CLANG_WARN__DUPLICATE_METHOD_MATCH = YES;
				CODE_SIGN_IDENTITY = "iPhone Developer";
				COPY_PHASE_STRIP = NO;
				DEBUG_INFORMATION_FORMAT = dwarf;
				ENABLE_STRICT_OBJC_MSGSEND = YES;
				ENABLE_TESTABILITY = YES;
				GCC_C_LANGUAGE_STANDARD = gnu11;
				GCC_DYNAMIC_NO_PIC = NO;
				GCC_NO_COMMON_BLOCKS = YES;
				GCC_OPTIMIZATION_LEVEL = 0;
				GCC_PREPROCESSOR_DEFINITIONS = (
					"DEBUG=1",
					"$(inherited)",
				);
				GCC_WARN_64_TO_32_BIT_CONVERSION = YES;
				GCC_WARN_ABOUT_RETURN_TYPE = YES_ERROR;
				GCC_WARN_UNDECLARED_SELECTOR = YES;
				GCC_WARN_UNINITIALIZED_AUTOS = YES_AGGRESSIVE;
				GCC_WARN_UNUSED_FUNCTION = YES;
				GCC_WARN_UNUSED_VARIABLE = YES;
				IPHONEOS_DEPLOYMENT_TARGET = 11.2;
				MTL_ENABLE_DEBUG_INFO = YES;
				ONLY_ACTIVE_ARCH = YES;
				SDKROOT = iphoneos;
				SWIFT_ACTIVE_COMPILATION_CONDITIONS = DEBUG;
				SWIFT_OPTIMIZATION_LEVEL = "-Onone";
			};
			name = Debug;
		};
		CD4CFF2D204E7E2B00DB13EC /* Release */ = {
			isa = XCBuildConfiguration;
			buildSettings = {
				ALWAYS_SEARCH_USER_PATHS = NO;
				CLANG_ANALYZER_NONNULL = YES;
				CLANG_ANALYZER_NUMBER_OBJECT_CONVERSION = YES_AGGRESSIVE;
				CLANG_CXX_LANGUAGE_STANDARD = "gnu++14";
				CLANG_CXX_LIBRARY = "libc++";
				CLANG_ENABLE_MODULES = YES;
				CLANG_ENABLE_OBJC_ARC = YES;
				CLANG_WARN_BLOCK_CAPTURE_AUTORELEASING = YES;
				CLANG_WARN_BOOL_CONVERSION = YES;
				CLANG_WARN_COMMA = YES;
				CLANG_WARN_CONSTANT_CONVERSION = YES;
				CLANG_WARN_DEPRECATED_OBJC_IMPLEMENTATIONS = YES;
				CLANG_WARN_DIRECT_OBJC_ISA_USAGE = YES_ERROR;
				CLANG_WARN_DOCUMENTATION_COMMENTS = YES;
				CLANG_WARN_EMPTY_BODY = YES;
				CLANG_WARN_ENUM_CONVERSION = YES;
				CLANG_WARN_INFINITE_RECURSION = YES;
				CLANG_WARN_INT_CONVERSION = YES;
				CLANG_WARN_NON_LITERAL_NULL_CONVERSION = YES;
				CLANG_WARN_OBJC_IMPLICIT_RETAIN_SELF = YES;
				CLANG_WARN_OBJC_LITERAL_CONVERSION = YES;
				CLANG_WARN_OBJC_ROOT_CLASS = YES_ERROR;
				CLANG_WARN_RANGE_LOOP_ANALYSIS = YES;
				CLANG_WARN_STRICT_PROTOTYPES = YES;
				CLANG_WARN_SUSPICIOUS_MOVE = YES;
				CLANG_WARN_UNGUARDED_AVAILABILITY = YES_AGGRESSIVE;
				CLANG_WARN_UNREACHABLE_CODE = YES;
				CLANG_WARN__DUPLICATE_METHOD_MATCH = YES;
				CODE_SIGN_IDENTITY = "iPhone Developer";
				COPY_PHASE_STRIP = NO;
				DEBUG_INFORMATION_FORMAT = "dwarf-with-dsym";
				ENABLE_NS_ASSERTIONS = NO;
				ENABLE_STRICT_OBJC_MSGSEND = YES;
				GCC_C_LANGUAGE_STANDARD = gnu11;
				GCC_NO_COMMON_BLOCKS = YES;
				GCC_WARN_64_TO_32_BIT_CONVERSION = YES;
				GCC_WARN_ABOUT_RETURN_TYPE = YES_ERROR;
				GCC_WARN_UNDECLARED_SELECTOR = YES;
				GCC_WARN_UNINITIALIZED_AUTOS = YES_AGGRESSIVE;
				GCC_WARN_UNUSED_FUNCTION = YES;
				GCC_WARN_UNUSED_VARIABLE = YES;
				IPHONEOS_DEPLOYMENT_TARGET = 11.2;
				MTL_ENABLE_DEBUG_INFO = NO;
				SDKROOT = iphoneos;
				SWIFT_OPTIMIZATION_LEVEL = "-Owholemodule";
				VALIDATE_PRODUCT = YES;
			};
			name = Release;
		};
		CD4CFF2F204E7E2B00DB13EC /* Debug */ = {
			isa = XCBuildConfiguration;
			buildSettings = {
				ASSETCATALOG_COMPILER_APPICON_NAME = AppIcon;
				CODE_SIGN_STYLE = Automatic;
				DEVELOPMENT_TEAM = EKHH36FV97;
				INFOPLIST_FILE = ChildWithoutSegue/Info.plist;
				LD_RUNPATH_SEARCH_PATHS = "$(inherited) @executable_path/Frameworks";
				PRODUCT_BUNDLE_IDENTIFIER = training.swift.sample.ChildWithoutSegue;
				PRODUCT_NAME = "$(TARGET_NAME)";
				SWIFT_VERSION = 5.0;
				TARGETED_DEVICE_FAMILY = "1,2";
			};
			name = Debug;
		};
		CD4CFF30204E7E2B00DB13EC /* Release */ = {
			isa = XCBuildConfiguration;
			buildSettings = {
				ASSETCATALOG_COMPILER_APPICON_NAME = AppIcon;
				CODE_SIGN_STYLE = Automatic;
				DEVELOPMENT_TEAM = EKHH36FV97;
				INFOPLIST_FILE = ChildWithoutSegue/Info.plist;
				LD_RUNPATH_SEARCH_PATHS = "$(inherited) @executable_path/Frameworks";
				PRODUCT_BUNDLE_IDENTIFIER = training.swift.sample.ChildWithoutSegue;
				PRODUCT_NAME = "$(TARGET_NAME)";
				SWIFT_VERSION = 5.0;
				TARGETED_DEVICE_FAMILY = "1,2";
			};
			name = Release;
		};
/* End XCBuildConfiguration section */

/* Begin XCConfigurationList section */
		CD4CFF17204E7E2B00DB13EC /* Build configuration list for PBXProject "ChildWithoutSegue" */ = {
			isa = XCConfigurationList;
			buildConfigurations = (
				CD4CFF2C204E7E2B00DB13EC /* Debug */,
				CD4CFF2D204E7E2B00DB13EC /* Release */,
			);
			defaultConfigurationIsVisible = 0;
			defaultConfigurationName = Release;
		};
		CD4CFF2E204E7E2B00DB13EC /* Build configuration list for PBXNativeTarget "ChildWithoutSegue" */ = {
			isa = XCConfigurationList;
			buildConfigurations = (
				CD4CFF2F204E7E2B00DB13EC /* Debug */,
				CD4CFF30204E7E2B00DB13EC /* Release */,
			);
			defaultConfigurationIsVisible = 0;
			defaultConfigurationName = Release;
		};
/* End XCConfigurationList section */
	};
	rootObject = CD4CFF14204E7E2B00DB13EC /* Project object */;
}
